
Microsoft Visual Studio Solution File, Format Version 12.00
# Visual Studio Version 17
VisualStudioVersion = 17.8.34408.163
MinimumVisualStudioVersion = 10.0.40219.1
Project("{FAE04EC0-301F-11D3-BF4B-00C04F79EFBC}") = "ActionFilterArea", "ActionFilterArea\ActionFilterArea.csproj", "{F47167E0-A29C-4FA2-8C38-64B92EFE463A}"
EndProject
Project("{FAE04EC0-301F-11D3-BF4B-00C04F79EFBC}") = "Area", "Area\Area.csproj", "{D656BE0E-5308-4BB8-B203-717C2F7FBD82}"
EndProject
Project("{FAE04EC0-301F-11D3-BF4B-00C04F79EFBC}") = "Gorev1", "Gorev1\Gorev1.csproj", "{A024E47A-C25C-4B23-BD75-F87EF07D5668}"
EndProject
Global
	GlobalSection(SolutionConfigurationPlatforms) = preSolution
		Debug|Any CPU = Debug|Any CPU
		Release|Any CPU = Release|Any CPU
	EndGlobalSection
	GlobalSection(ProjectConfigurationPlatforms) = postSolution
		{F47167E0-A29C-4FA2-8C38-64B92EFE463A}.Debug|Any CPU.ActiveCfg = Debug|Any CPU
		{F47167E0-A29C-4FA2-8C38-64B92EFE463A}.Debug|Any CPU.Build.0 = Debug|Any CPU
		{F47167E0-A29C-4FA2-8C38-64B92EFE463A}.Release|Any CPU.ActiveCfg = Release|Any CPU
		{F47167E0-A29C-4FA2-8C38-64B92EFE463A}.Release|Any CPU.Build.0 = Release|Any CPU
		{D656BE0E-5308-4BB8-B203-717C2F7FBD82}.Debug|Any CPU.ActiveCfg = Debug|Any CPU
		{D656BE0E-5308-4BB8-B203-717C2F7FBD82}.Debug|Any CPU.Build.0 = Debug|Any CPU
		{D656BE0E-5308-4BB8-B203-717C2F7FBD82}.Release|Any CPU.ActiveCfg = Release|Any CPU
		{D656BE0E-5308-4BB8-B203-717C2F7FBD82}.Release|Any CPU.Build.0 = Release|Any CPU
		{A024E47A-C25C-4B23-BD75-F87EF07D5668}.Debug|Any CPU.ActiveCfg = Debug|Any CPU
		{A024E47A-C25C-4B23-BD75-F87EF07D5668}.Debug|Any CPU.Build.0 = Debug|Any CPU
		{A024E47A-C25C-4B23-BD75-F87EF07D5668}.Release|Any CPU.ActiveCfg = Release|Any CPU
		{A024E47A-C25C-4B23-BD75-F87EF07D5668}.Release|Any CPU.Build.0 = Release|Any CPU
	EndGlobalSection
	GlobalSection(SolutionProperties) = preSolution
		HideSolutionNode = FALSE
	EndGlobalSection
	GlobalSection(ExtensibilityGlobals) = postSolution
		SolutionGuid = {69812F65-FFB0-47A3-AA06-E2910E4525E1}
	EndGlobalSection
EndGlobal
